
Microsoft Visual Studio Solution File, Format Version 12.00
# Visual Studio Version 16
VisualStudioVersion = 16.0.33529.622
MinimumVisualStudioVersion = 10.0.40219.1
Project("{FAE04EC0-301F-11D3-BF4B-00C04F79EFBC}") = "Test2", "Test2\Test2.csproj", "{FE008D42-C843-48DC-9A79-D352C9D9EAE3}"
EndProject
Global
	GlobalSection(SolutionConfigurationPlatforms) = preSolution
		Debug|Any CPU = Debug|Any CPU
		Release|Any CPU = Release|Any CPU
	EndGlobalSection
	GlobalSection(ProjectConfigurationPlatforms) = postSolution
		{FE008D42-C843-48DC-9A79-D352C9D9EAE3}.Debug|Any CPU.ActiveCfg = Debug|Any CPU
		{FE008D42-C843-48DC-9A79-D352C9D9EAE3}.Debug|Any CPU.Build.0 = Debug|Any CPU
		{FE008D42-C843-48DC-9A79-D352C9D9EAE3}.Release|Any CPU.ActiveCfg = Release|Any CPU
		{FE008D42-C843-48DC-9A79-D352C9D9EAE3}.Release|Any CPU.Build.0 = Release|Any CPU
	EndGlobalSection
	GlobalSection(SolutionProperties) = preSolution
		HideSolutionNode = FALSE
	EndGlobalSection
	GlobalSection(ExtensibilityGlobals) = postSolution
		SolutionGuid = {61E3965D-145B-4EBC-9DE9-0BBCEDD8E49A}
	EndGlobalSection
EndGlobal
